{
  "name": "vue-music-app",
  "version": "1.0.0",
  "lockfileVersion": 1,
  "requires": true,
  "dependencies": {
    "js-base64": {
      "version": "2.3.2",
      "resolved": "http://registry.npm.taobao.org/js-base64/download/js-base64-2.3.2.tgz",
      "integrity": "sha1-p5qSNmY3K1gPjif1GEXG9+j7+68="
    }
  }
}
